{
  "name": "express-folder-routing",
  "version": "0.0.2-alpha",
  "lockfileVersion": 3,
  "requires": true,
  "packages": {
    "": {
      "name": "express-folder-routing",
      "version": "0.0.2-alpha",
      "license": "ISC",
      "devDependencies": {
        "@types/node": "^20.1.4"
      }
    },
    "node_modules/@types/node": {
      "version": "20.1.4",
      "resolved": "https://registry.npmjs.org/@types/node/-/node-20.1.4.tgz",
      "integrity": "sha512-At4pvmIOki8yuwLtd7BNHl3CiWNbtclUbNtScGx4OHfBd4/oWoJC8KRCIxXwkdndzhxOsPXihrsOoydxBjlE9Q==",
      "dev": true
    }
  }
}
